
Microsoft Visual Studio Solution File, Format Version 12.00
# Visual Studio Version 17
VisualStudioVersion = 17.4.33103.184
MinimumVisualStudioVersion = 10.0.40219.1
Project("{9A19103F-16F7-4668-BE54-9A1E7A4F7556}") = "St.BlogManagement.Domain", "src\St.BlogManagement.Domain\St.BlogManagement.Domain.csproj", "{554AD327-6DBA-4F8F-96F8-81CE7A0C863F}"
EndProject
Project("{9A19103F-16F7-4668-BE54-9A1E7A4F7556}") = "St.BlogManagement.Application", "src\St.BlogManagement.Application\St.BlogManagement.Application.csproj", "{1A94A50E-06DC-43C1-80B5-B662820EC3EB}"
EndProject
Project("{9A19103F-16F7-4668-BE54-9A1E7A4F7556}") = "St.BlogManagement.EntityFrameworkCore", "src\St.BlogManagement.EntityFrameworkCore\St.BlogManagement.EntityFrameworkCore.csproj", "{C956DD76-69C8-4A9C-83EA-D17DF83340FD}"
EndProject
Project("{2150E333-8FDC-42A3-9474-1A3956D46DE8}") = "src", "src", "{CA9AC87F-097E-4F15-8393-4BC07735A5B0}"
EndProject
Project("{2150E333-8FDC-42A3-9474-1A3956D46DE8}") = "test", "test", "{04DBDB01-70F4-4E06-B468-8F87850B22BE}"
EndProject
Project("{9A19103F-16F7-4668-BE54-9A1E7A4F7556}") = "St.BlogManagement.Application.Tests", "test\St.BlogManagement.Application.Tests\St.BlogManagement.Application.Tests.csproj", "{50B2631D-129C-47B3-A587-029CCD6099BC}"
EndProject
Project("{9A19103F-16F7-4668-BE54-9A1E7A4F7556}") = "St.BlogManagement.Domain.Shared", "src\St.BlogManagement.Domain.Shared\St.BlogManagement.Domain.Shared.csproj", "{42F719ED-8413-4895-B5B4-5AB56079BC66}"
EndProject
Project("{9A19103F-16F7-4668-BE54-9A1E7A4F7556}") = "St.BlogManagement.Application.Contracts", "src\St.BlogManagement.Application.Contracts\St.BlogManagement.Application.Contracts.csproj", "{520659C8-C734-4298-A3DA-B539DB9DFC0B}"
EndProject
Project("{9A19103F-16F7-4668-BE54-9A1E7A4F7556}") = "St.BlogManagement.HttpApi", "src\St.BlogManagement.HttpApi\St.BlogManagement.HttpApi.csproj", "{4164BDF7-F527-4E85-9CE6-E3C2D7426A27}"
EndProject
Project("{9A19103F-16F7-4668-BE54-9A1E7A4F7556}") = "St.BlogManagement.HttpApi.Client", "src\St.BlogManagement.HttpApi.Client\St.BlogManagement.HttpApi.Client.csproj", "{3B5A0094-670D-4BB1-BFDD-61B88A8773DC}"
EndProject
Project("{9A19103F-16F7-4668-BE54-9A1E7A4F7556}") = "St.BlogManagement.Web", "src\St.BlogManagement.Web\St.BlogManagement.Web.csproj", "{6FE54035-9C11-4702-A5E2-D16F23101468}"
EndProject
Project("{9A19103F-16F7-4668-BE54-9A1E7A4F7556}") = "St.BlogManagement.AuthServer", "src\St.BlogManagement.AuthServer\St.BlogManagement.AuthServer.csproj", "{073C361E-B8F4-49F5-93CC-72A3FF49C026}"
EndProject
Project("{9A19103F-16F7-4668-BE54-9A1E7A4F7556}") = "St.BlogManagement.HttpApi.Host", "src\St.BlogManagement.HttpApi.Host\St.BlogManagement.HttpApi.Host.csproj", "{E6D5BF0E-DE92-4D82-A352-EF04B37CB11C}"
EndProject
Project("{9A19103F-16F7-4668-BE54-9A1E7A4F7556}") = "St.BlogManagement.EntityFrameworkCore.Tests", "test\St.BlogManagement.EntityFrameworkCore.Tests\St.BlogManagement.EntityFrameworkCore.Tests.csproj", "{1FE30EB9-74A9-47F5-A9F6-7B1FAB672D81}"
EndProject
Project("{9A19103F-16F7-4668-BE54-9A1E7A4F7556}") = "St.BlogManagement.TestBase", "test\St.BlogManagement.TestBase\St.BlogManagement.TestBase.csproj", "{91853F21-9CD9-4132-BC29-A7D5D84FFFE7}"
EndProject
Project("{9A19103F-16F7-4668-BE54-9A1E7A4F7556}") = "St.BlogManagement.Domain.Tests", "test\St.BlogManagement.Domain.Tests\St.BlogManagement.Domain.Tests.csproj", "{E512F4D9-9375-480F-A2F6-A46509F9D824}"
EndProject
Project("{9A19103F-16F7-4668-BE54-9A1E7A4F7556}") = "St.BlogManagement.HttpApi.Client.ConsoleTestApp", "test\St.BlogManagement.HttpApi.Client.ConsoleTestApp\St.BlogManagement.HttpApi.Client.ConsoleTestApp.csproj", "{EF480016-9127-4916-8735-D2466BDBC582}"
EndProject
Project("{9A19103F-16F7-4668-BE54-9A1E7A4F7556}") = "St.BlogManagement.DbMigrator", "src\St.BlogManagement.DbMigrator\St.BlogManagement.DbMigrator.csproj", "{AA94D832-1CCC-4715-95A9-A483F23A1A5D}"
EndProject
Project("{2150E333-8FDC-42A3-9474-1A3956D46DE8}") = "authen", "authen", "{72294561-033D-4007-96A5-5385730AEC7A}"
EndProject
Project("{2150E333-8FDC-42A3-9474-1A3956D46DE8}") = "common", "common", "{53191113-311A-467D-996A-1752416ECA8F}"
EndProject
Project("{2150E333-8FDC-42A3-9474-1A3956D46DE8}") = "www", "www", "{B62B22DE-F255-4EEE-ABFB-342928A18B23}"
EndProject
Project("{2150E333-8FDC-42A3-9474-1A3956D46DE8}") = "admin", "admin", "{EF01BE17-3E82-490A-95DC-4CA21330DCF1}"
EndProject
Project("{9A19103F-16F7-4668-BE54-9A1E7A4F7556}") = "St.BlogManagement.Admin.Application", "src\St.BlogManagement.Admin.Application\St.BlogManagement.Admin.Application.csproj", "{26662B42-1DBA-4BCD-A3DA-E391AF860E2F}"
EndProject
Project("{9A19103F-16F7-4668-BE54-9A1E7A4F7556}") = "St.BlogManagement.Admin.Application.Contracts", "src\St.BlogManagement.Admin.Application.Contracts\St.BlogManagement.Admin.Application.Contracts.csproj", "{11839301-1F37-4F68-87B3-C0059694D0B6}"
EndProject
Project("{9A19103F-16F7-4668-BE54-9A1E7A4F7556}") = "St.BlogManagement.Admin.HttpApi", "src\St.BlogManagement.Admin.HttpApi\St.BlogManagement.Admin.HttpApi.csproj", "{48E5E0B8-F9C2-4719-8FCB-4893306785FB}"
EndProject
Project("{9A19103F-16F7-4668-BE54-9A1E7A4F7556}") = "St.BlogManagement.Admin.HttpApi.Client", "src\St.BlogManagement.Admin.HttpApi.Client\St.BlogManagement.Admin.HttpApi.Client.csproj", "{2D9E4BA4-F0EB-419F-B7BF-6F2598D35742}"
EndProject
Project("{9A19103F-16F7-4668-BE54-9A1E7A4F7556}") = "St.BlogManagement.Admin.HttpApi.Host", "src\St.BlogManagement.Admin.HttpApi.Host\St.BlogManagement.Admin.HttpApi.Host.csproj", "{0E9CB443-9C55-4DB7-B60B-35352B153C7C}"
EndProject
Project("{9A19103F-16F7-4668-BE54-9A1E7A4F7556}") = "St.BlogManagement.Admin.Web", "src\St.BlogManagement.Admin.Web\St.BlogManagement.Admin.Web.csproj", "{5CA5C27C-495D-4BB3-90CB-64842EADD014}"
EndProject
Global
	GlobalSection(SolutionConfigurationPlatforms) = preSolution
		Debug|Any CPU = Debug|Any CPU
		Release|Any CPU = Release|Any CPU
	EndGlobalSection
	GlobalSection(ProjectConfigurationPlatforms) = postSolution
		{554AD327-6DBA-4F8F-96F8-81CE7A0C863F}.Debug|Any CPU.ActiveCfg = Debug|Any CPU
		{554AD327-6DBA-4F8F-96F8-81CE7A0C863F}.Debug|Any CPU.Build.0 = Debug|Any CPU
		{554AD327-6DBA-4F8F-96F8-81CE7A0C863F}.Release|Any CPU.ActiveCfg = Release|Any CPU
		{554AD327-6DBA-4F8F-96F8-81CE7A0C863F}.Release|Any CPU.Build.0 = Release|Any CPU
		{1A94A50E-06DC-43C1-80B5-B662820EC3EB}.Debug|Any CPU.ActiveCfg = Debug|Any CPU
		{1A94A50E-06DC-43C1-80B5-B662820EC3EB}.Debug|Any CPU.Build.0 = Debug|Any CPU
		{1A94A50E-06DC-43C1-80B5-B662820EC3EB}.Release|Any CPU.ActiveCfg = Release|Any CPU
		{1A94A50E-06DC-43C1-80B5-B662820EC3EB}.Release|Any CPU.Build.0 = Release|Any CPU
		{C956DD76-69C8-4A9C-83EA-D17DF83340FD}.Debug|Any CPU.ActiveCfg = Debug|Any CPU
		{C956DD76-69C8-4A9C-83EA-D17DF83340FD}.Debug|Any CPU.Build.0 = Debug|Any CPU
		{C956DD76-69C8-4A9C-83EA-D17DF83340FD}.Release|Any CPU.ActiveCfg = Release|Any CPU
		{C956DD76-69C8-4A9C-83EA-D17DF83340FD}.Release|Any CPU.Build.0 = Release|Any CPU
		{50B2631D-129C-47B3-A587-029CCD6099BC}.Debug|Any CPU.ActiveCfg = Debug|Any CPU
		{50B2631D-129C-47B3-A587-029CCD6099BC}.Debug|Any CPU.Build.0 = Debug|Any CPU
		{50B2631D-129C-47B3-A587-029CCD6099BC}.Release|Any CPU.ActiveCfg = Release|Any CPU
		{50B2631D-129C-47B3-A587-029CCD6099BC}.Release|Any CPU.Build.0 = Release|Any CPU
		{42F719ED-8413-4895-B5B4-5AB56079BC66}.Debug|Any CPU.ActiveCfg = Debug|Any CPU
		{42F719ED-8413-4895-B5B4-5AB56079BC66}.Debug|Any CPU.Build.0 = Debug|Any CPU
		{42F719ED-8413-4895-B5B4-5AB56079BC66}.Release|Any CPU.ActiveCfg = Release|Any CPU
		{42F719ED-8413-4895-B5B4-5AB56079BC66}.Release|Any CPU.Build.0 = Release|Any CPU
		{520659C8-C734-4298-A3DA-B539DB9DFC0B}.Debug|Any CPU.ActiveCfg = Debug|Any CPU
		{520659C8-C734-4298-A3DA-B539DB9DFC0B}.Debug|Any CPU.Build.0 = Debug|Any CPU
		{520659C8-C734-4298-A3DA-B539DB9DFC0B}.Release|Any CPU.ActiveCfg = Release|Any CPU
		{520659C8-C734-4298-A3DA-B539DB9DFC0B}.Release|Any CPU.Build.0 = Release|Any CPU
		{4164BDF7-F527-4E85-9CE6-E3C2D7426A27}.Debug|Any CPU.ActiveCfg = Debug|Any CPU
		{4164BDF7-F527-4E85-9CE6-E3C2D7426A27}.Debug|Any CPU.Build.0 = Debug|Any CPU
		{4164BDF7-F527-4E85-9CE6-E3C2D7426A27}.Release|Any CPU.ActiveCfg = Release|Any CPU
		{4164BDF7-F527-4E85-9CE6-E3C2D7426A27}.Release|Any CPU.Build.0 = Release|Any CPU
		{3B5A0094-670D-4BB1-BFDD-61B88A8773DC}.Debug|Any CPU.ActiveCfg = Debug|Any CPU
		{3B5A0094-670D-4BB1-BFDD-61B88A8773DC}.Debug|Any CPU.Build.0 = Debug|Any CPU
		{3B5A0094-670D-4BB1-BFDD-61B88A8773DC}.Release|Any CPU.ActiveCfg = Release|Any CPU
		{3B5A0094-670D-4BB1-BFDD-61B88A8773DC}.Release|Any CPU.Build.0 = Release|Any CPU
		{6FE54035-9C11-4702-A5E2-D16F23101468}.Debug|Any CPU.ActiveCfg = Debug|Any CPU
		{6FE54035-9C11-4702-A5E2-D16F23101468}.Debug|Any CPU.Build.0 = Debug|Any CPU
		{6FE54035-9C11-4702-A5E2-D16F23101468}.Release|Any CPU.ActiveCfg = Release|Any CPU
		{6FE54035-9C11-4702-A5E2-D16F23101468}.Release|Any CPU.Build.0 = Release|Any CPU
		{073C361E-B8F4-49F5-93CC-72A3FF49C026}.Debug|Any CPU.ActiveCfg = Debug|Any CPU
		{073C361E-B8F4-49F5-93CC-72A3FF49C026}.Debug|Any CPU.Build.0 = Debug|Any CPU
		{073C361E-B8F4-49F5-93CC-72A3FF49C026}.Release|Any CPU.ActiveCfg = Release|Any CPU
		{073C361E-B8F4-49F5-93CC-72A3FF49C026}.Release|Any CPU.Build.0 = Release|Any CPU
		{E6D5BF0E-DE92-4D82-A352-EF04B37CB11C}.Debug|Any CPU.ActiveCfg = Debug|Any CPU
		{E6D5BF0E-DE92-4D82-A352-EF04B37CB11C}.Debug|Any CPU.Build.0 = Debug|Any CPU
		{E6D5BF0E-DE92-4D82-A352-EF04B37CB11C}.Release|Any CPU.ActiveCfg = Release|Any CPU
		{E6D5BF0E-DE92-4D82-A352-EF04B37CB11C}.Release|Any CPU.Build.0 = Release|Any CPU
		{1FE30EB9-74A9-47F5-A9F6-7B1FAB672D81}.Debug|Any CPU.ActiveCfg = Debug|Any CPU
		{1FE30EB9-74A9-47F5-A9F6-7B1FAB672D81}.Debug|Any CPU.Build.0 = Debug|Any CPU
		{1FE30EB9-74A9-47F5-A9F6-7B1FAB672D81}.Release|Any CPU.ActiveCfg = Release|Any CPU
		{1FE30EB9-74A9-47F5-A9F6-7B1FAB672D81}.Release|Any CPU.Build.0 = Release|Any CPU
		{91853F21-9CD9-4132-BC29-A7D5D84FFFE7}.Debug|Any CPU.ActiveCfg = Debug|Any CPU
		{91853F21-9CD9-4132-BC29-A7D5D84FFFE7}.Debug|Any CPU.Build.0 = Debug|Any CPU
		{91853F21-9CD9-4132-BC29-A7D5D84FFFE7}.Release|Any CPU.ActiveCfg = Release|Any CPU
		{91853F21-9CD9-4132-BC29-A7D5D84FFFE7}.Release|Any CPU.Build.0 = Release|Any CPU
		{E512F4D9-9375-480F-A2F6-A46509F9D824}.Debug|Any CPU.ActiveCfg = Debug|Any CPU
		{E512F4D9-9375-480F-A2F6-A46509F9D824}.Debug|Any CPU.Build.0 = Debug|Any CPU
		{E512F4D9-9375-480F-A2F6-A46509F9D824}.Release|Any CPU.ActiveCfg = Release|Any CPU
		{E512F4D9-9375-480F-A2F6-A46509F9D824}.Release|Any CPU.Build.0 = Release|Any CPU
		{EF480016-9127-4916-8735-D2466BDBC582}.Debug|Any CPU.ActiveCfg = Debug|Any CPU
		{EF480016-9127-4916-8735-D2466BDBC582}.Debug|Any CPU.Build.0 = Debug|Any CPU
		{EF480016-9127-4916-8735-D2466BDBC582}.Release|Any CPU.ActiveCfg = Release|Any CPU
		{EF480016-9127-4916-8735-D2466BDBC582}.Release|Any CPU.Build.0 = Release|Any CPU
		{AA94D832-1CCC-4715-95A9-A483F23A1A5D}.Debug|Any CPU.ActiveCfg = Debug|Any CPU
		{AA94D832-1CCC-4715-95A9-A483F23A1A5D}.Debug|Any CPU.Build.0 = Debug|Any CPU
		{AA94D832-1CCC-4715-95A9-A483F23A1A5D}.Release|Any CPU.ActiveCfg = Release|Any CPU
		{AA94D832-1CCC-4715-95A9-A483F23A1A5D}.Release|Any CPU.Build.0 = Release|Any CPU
		{26662B42-1DBA-4BCD-A3DA-E391AF860E2F}.Debug|Any CPU.ActiveCfg = Debug|Any CPU
		{26662B42-1DBA-4BCD-A3DA-E391AF860E2F}.Debug|Any CPU.Build.0 = Debug|Any CPU
		{26662B42-1DBA-4BCD-A3DA-E391AF860E2F}.Release|Any CPU.ActiveCfg = Release|Any CPU
		{26662B42-1DBA-4BCD-A3DA-E391AF860E2F}.Release|Any CPU.Build.0 = Release|Any CPU
		{11839301-1F37-4F68-87B3-C0059694D0B6}.Debug|Any CPU.ActiveCfg = Debug|Any CPU
		{11839301-1F37-4F68-87B3-C0059694D0B6}.Debug|Any CPU.Build.0 = Debug|Any CPU
		{11839301-1F37-4F68-87B3-C0059694D0B6}.Release|Any CPU.ActiveCfg = Release|Any CPU
		{11839301-1F37-4F68-87B3-C0059694D0B6}.Release|Any CPU.Build.0 = Release|Any CPU
		{48E5E0B8-F9C2-4719-8FCB-4893306785FB}.Debug|Any CPU.ActiveCfg = Debug|Any CPU
		{48E5E0B8-F9C2-4719-8FCB-4893306785FB}.Debug|Any CPU.Build.0 = Debug|Any CPU
		{48E5E0B8-F9C2-4719-8FCB-4893306785FB}.Release|Any CPU.ActiveCfg = Release|Any CPU
		{48E5E0B8-F9C2-4719-8FCB-4893306785FB}.Release|Any CPU.Build.0 = Release|Any CPU
		{2D9E4BA4-F0EB-419F-B7BF-6F2598D35742}.Debug|Any CPU.ActiveCfg = Debug|Any CPU
		{2D9E4BA4-F0EB-419F-B7BF-6F2598D35742}.Debug|Any CPU.Build.0 = Debug|Any CPU
		{2D9E4BA4-F0EB-419F-B7BF-6F2598D35742}.Release|Any CPU.ActiveCfg = Release|Any CPU
		{2D9E4BA4-F0EB-419F-B7BF-6F2598D35742}.Release|Any CPU.Build.0 = Release|Any CPU
		{0E9CB443-9C55-4DB7-B60B-35352B153C7C}.Debug|Any CPU.ActiveCfg = Debug|Any CPU
		{0E9CB443-9C55-4DB7-B60B-35352B153C7C}.Debug|Any CPU.Build.0 = Debug|Any CPU
		{0E9CB443-9C55-4DB7-B60B-35352B153C7C}.Release|Any CPU.ActiveCfg = Release|Any CPU
		{0E9CB443-9C55-4DB7-B60B-35352B153C7C}.Release|Any CPU.Build.0 = Release|Any CPU
		{5CA5C27C-495D-4BB3-90CB-64842EADD014}.Debug|Any CPU.ActiveCfg = Debug|Any CPU
		{5CA5C27C-495D-4BB3-90CB-64842EADD014}.Debug|Any CPU.Build.0 = Debug|Any CPU
		{5CA5C27C-495D-4BB3-90CB-64842EADD014}.Release|Any CPU.ActiveCfg = Release|Any CPU
		{5CA5C27C-495D-4BB3-90CB-64842EADD014}.Release|Any CPU.Build.0 = Release|Any CPU
	EndGlobalSection
	GlobalSection(SolutionProperties) = preSolution
		HideSolutionNode = FALSE
	EndGlobalSection
	GlobalSection(NestedProjects) = preSolution
		{554AD327-6DBA-4F8F-96F8-81CE7A0C863F} = {53191113-311A-467D-996A-1752416ECA8F}
		{1A94A50E-06DC-43C1-80B5-B662820EC3EB} = {B62B22DE-F255-4EEE-ABFB-342928A18B23}
		{C956DD76-69C8-4A9C-83EA-D17DF83340FD} = {53191113-311A-467D-996A-1752416ECA8F}
		{50B2631D-129C-47B3-A587-029CCD6099BC} = {04DBDB01-70F4-4E06-B468-8F87850B22BE}
		{42F719ED-8413-4895-B5B4-5AB56079BC66} = {53191113-311A-467D-996A-1752416ECA8F}
		{520659C8-C734-4298-A3DA-B539DB9DFC0B} = {B62B22DE-F255-4EEE-ABFB-342928A18B23}
		{4164BDF7-F527-4E85-9CE6-E3C2D7426A27} = {B62B22DE-F255-4EEE-ABFB-342928A18B23}
		{3B5A0094-670D-4BB1-BFDD-61B88A8773DC} = {B62B22DE-F255-4EEE-ABFB-342928A18B23}
		{6FE54035-9C11-4702-A5E2-D16F23101468} = {B62B22DE-F255-4EEE-ABFB-342928A18B23}
		{073C361E-B8F4-49F5-93CC-72A3FF49C026} = {72294561-033D-4007-96A5-5385730AEC7A}
		{E6D5BF0E-DE92-4D82-A352-EF04B37CB11C} = {B62B22DE-F255-4EEE-ABFB-342928A18B23}
		{1FE30EB9-74A9-47F5-A9F6-7B1FAB672D81} = {04DBDB01-70F4-4E06-B468-8F87850B22BE}
		{91853F21-9CD9-4132-BC29-A7D5D84FFFE7} = {04DBDB01-70F4-4E06-B468-8F87850B22BE}
		{E512F4D9-9375-480F-A2F6-A46509F9D824} = {04DBDB01-70F4-4E06-B468-8F87850B22BE}
		{EF480016-9127-4916-8735-D2466BDBC582} = {04DBDB01-70F4-4E06-B468-8F87850B22BE}
		{AA94D832-1CCC-4715-95A9-A483F23A1A5D} = {53191113-311A-467D-996A-1752416ECA8F}
		{72294561-033D-4007-96A5-5385730AEC7A} = {CA9AC87F-097E-4F15-8393-4BC07735A5B0}
		{53191113-311A-467D-996A-1752416ECA8F} = {CA9AC87F-097E-4F15-8393-4BC07735A5B0}
		{B62B22DE-F255-4EEE-ABFB-342928A18B23} = {CA9AC87F-097E-4F15-8393-4BC07735A5B0}
		{EF01BE17-3E82-490A-95DC-4CA21330DCF1} = {CA9AC87F-097E-4F15-8393-4BC07735A5B0}
		{26662B42-1DBA-4BCD-A3DA-E391AF860E2F} = {EF01BE17-3E82-490A-95DC-4CA21330DCF1}
		{11839301-1F37-4F68-87B3-C0059694D0B6} = {EF01BE17-3E82-490A-95DC-4CA21330DCF1}
		{48E5E0B8-F9C2-4719-8FCB-4893306785FB} = {EF01BE17-3E82-490A-95DC-4CA21330DCF1}
		{2D9E4BA4-F0EB-419F-B7BF-6F2598D35742} = {EF01BE17-3E82-490A-95DC-4CA21330DCF1}
		{0E9CB443-9C55-4DB7-B60B-35352B153C7C} = {EF01BE17-3E82-490A-95DC-4CA21330DCF1}
		{5CA5C27C-495D-4BB3-90CB-64842EADD014} = {EF01BE17-3E82-490A-95DC-4CA21330DCF1}
	EndGlobalSection
	GlobalSection(ExtensibilityGlobals) = postSolution
		SolutionGuid = {28315BFD-90E7-4E14-A2EA-F3D23AF4126F}
	EndGlobalSection
EndGlobal
